
Microsoft Visual Studio Solution File, Format Version 12.00
# Visual Studio Version 17
VisualStudioVersion = 17.1.32228.430
MinimumVisualStudioVersion = 10.0.40219.1
Project("{FAE04EC0-301F-11D3-BF4B-00C04F79EFBC}") = "Shop", "Shop\Shop.csproj", "{1C6F93BB-4997-4A42-AA2E-177D106D9194}"
EndProject
Global
	GlobalSection(SolutionConfigurationPlatforms) = preSolution
		Debug|Any CPU = Debug|Any CPU
		Release|Any CPU = Release|Any CPU
	EndGlobalSection
	GlobalSection(ProjectConfigurationPlatforms) = postSolution
		{1C6F93BB-4997-4A42-AA2E-177D106D9194}.Debug|Any CPU.ActiveCfg = Debug|Any CPU
		{1C6F93BB-4997-4A42-AA2E-177D106D9194}.Debug|Any CPU.Build.0 = Debug|Any CPU
		{1C6F93BB-4997-4A42-AA2E-177D106D9194}.Release|Any CPU.ActiveCfg = Release|Any CPU
		{1C6F93BB-4997-4A42-AA2E-177D106D9194}.Release|Any CPU.Build.0 = Release|Any CPU
	EndGlobalSection
	GlobalSection(SolutionProperties) = preSolution
		HideSolutionNode = FALSE
	EndGlobalSection
	GlobalSection(ExtensibilityGlobals) = postSolution
		SolutionGuid = {760B55EF-9A6F-4B42-B413-146A496172DE}
	EndGlobalSection
EndGlobal
